
Microsoft Visual Studio Solution File, Format Version 12.00
# Visual Studio Version 17
VisualStudioVersion = 17.3.32901.215
MinimumVisualStudioVersion = 10.0.40219.1
Project("{FAE04EC0-301F-11D3-BF4B-00C04F79EFBC}") = "pryCasaleArray", "pryCasaleArray\pryCasaleArray.csproj", "{76ADC319-77E3-409C-A2D3-3A01A090D248}"
EndProject
Global
	GlobalSection(SolutionConfigurationPlatforms) = preSolution
		Debug|Any CPU = Debug|Any CPU
		Release|Any CPU = Release|Any CPU
	EndGlobalSection
	GlobalSection(ProjectConfigurationPlatforms) = postSolution
		{76ADC319-77E3-409C-A2D3-3A01A090D248}.Debug|Any CPU.ActiveCfg = Debug|Any CPU
		{76ADC319-77E3-409C-A2D3-3A01A090D248}.Debug|Any CPU.Build.0 = Debug|Any CPU
		{76ADC319-77E3-409C-A2D3-3A01A090D248}.Release|Any CPU.ActiveCfg = Release|Any CPU
		{76ADC319-77E3-409C-A2D3-3A01A090D248}.Release|Any CPU.Build.0 = Release|Any CPU
	EndGlobalSection
	GlobalSection(SolutionProperties) = preSolution
		HideSolutionNode = FALSE
	EndGlobalSection
	GlobalSection(ExtensibilityGlobals) = postSolution
		SolutionGuid = {EADF64FB-87B0-4B64-AEB0-459FE42368F0}
	EndGlobalSection
EndGlobal
